
Microsoft Visual Studio Solution File, Format Version 12.00
# Visual Studio Version 17
VisualStudioVersion = 17.10.34825.169
MinimumVisualStudioVersion = 10.0.40219.1
Project("{FAE04EC0-301F-11D3-BF4B-00C04F79EFBC}") = "NetPalette", "NetPalette\NetPalette.csproj", "{0C140D81-CD55-409F-823B-E7E7FA50A7B7}"
EndProject
Project("{FAE04EC0-301F-11D3-BF4B-00C04F79EFBC}") = "NetPalette.Sample.Maui", "Samples\NetPalette.Sample.Maui\NetPalette.Sample.Maui.csproj", "{D2FD4A7A-EED6-46FB-A939-5314F2A4AC58}"
EndProject
Global
	GlobalSection(SolutionConfigurationPlatforms) = preSolution
		Debug|Any CPU = Debug|Any CPU
		Release|Any CPU = Release|Any CPU
	EndGlobalSection
	GlobalSection(ProjectConfigurationPlatforms) = postSolution
		{0C140D81-CD55-409F-823B-E7E7FA50A7B7}.Debug|Any CPU.ActiveCfg = Debug|Any CPU
		{0C140D81-CD55-409F-823B-E7E7FA50A7B7}.Debug|Any CPU.Build.0 = Debug|Any CPU
		{0C140D81-CD55-409F-823B-E7E7FA50A7B7}.Release|Any CPU.ActiveCfg = Release|Any CPU
		{0C140D81-CD55-409F-823B-E7E7FA50A7B7}.Release|Any CPU.Build.0 = Release|Any CPU
		{D2FD4A7A-EED6-46FB-A939-5314F2A4AC58}.Debug|Any CPU.ActiveCfg = Debug|Any CPU
		{D2FD4A7A-EED6-46FB-A939-5314F2A4AC58}.Debug|Any CPU.Build.0 = Debug|Any CPU
		{D2FD4A7A-EED6-46FB-A939-5314F2A4AC58}.Debug|Any CPU.Deploy.0 = Debug|Any CPU
		{D2FD4A7A-EED6-46FB-A939-5314F2A4AC58}.Release|Any CPU.ActiveCfg = Release|Any CPU
		{D2FD4A7A-EED6-46FB-A939-5314F2A4AC58}.Release|Any CPU.Build.0 = Release|Any CPU
		{D2FD4A7A-EED6-46FB-A939-5314F2A4AC58}.Release|Any CPU.Deploy.0 = Release|Any CPU
	EndGlobalSection
	GlobalSection(SolutionProperties) = preSolution
		HideSolutionNode = FALSE
	EndGlobalSection
	GlobalSection(ExtensibilityGlobals) = postSolution
		SolutionGuid = {9B346C8E-D01E-4D81-839E-F6279D6C3AE4}
	EndGlobalSection
EndGlobal
